// !$*UTF8*$!
{
	archiveVersion = 1;
	classes = {
	};
	objectVersion = 56;
	objects = {

/* Begin PBXBuildFile section */
		3F1CAB132B0CB33000D49ADE /* DragToSpeakApp.swift in Sources */ = {isa = PBXBuildFile; fileRef = 3F1CAB122B0CB33000D49ADE /* DragToSpeakApp.swift */; };
		3F1CAB172B0CB33500D49ADE /* Assets.xcassets in Resources */ = {isa = PBXBuildFile; fileRef = 3F1CAB162B0CB33500D49ADE /* Assets.xcassets */; };
		3F1CAB1A2B0CB33500D49ADE /* Preview Assets.xcassets in Resources */ = {isa = PBXBuildFile; fileRef = 3F1CAB192B0CB33500D49ADE /* Preview Assets.xcassets */; };
		3F1CAB242B0CB33600D49ADE /* DragToSpeakTests.swift in Sources */ = {isa = PBXBuildFile; fileRef = 3F1CAB232B0CB33600D49ADE /* DragToSpeakTests.swift */; };
		3F1CAB2E2B0CB33600D49ADE /* DragToSpeakUITests.swift in Sources */ = {isa = PBXBuildFile; fileRef = 3F1CAB2D2B0CB33600D49ADE /* DragToSpeakUITests.swift */; };
		3F1CAB302B0CB33600D49ADE /* DragToSpeakUITestsLaunchTests.swift in Sources */ = {isa = PBXBuildFile; fileRef = 3F1CAB2F2B0CB33600D49ADE /* DragToSpeakUITestsLaunchTests.swift */; };
		3F44A3082B63965D00C8D6EE /* SpellingBoardView.swift in Sources */ = {isa = PBXBuildFile; fileRef = 3F44A3072B63965D00C8D6EE /* SpellingBoardView.swift */; };
		3F44A30A2B63966E00C8D6EE /* OnboardingView.swift in Sources */ = {isa = PBXBuildFile; fileRef = 3F44A3092B63966E00C8D6EE /* OnboardingView.swift */; };
		3F44A30C2B63968D00C8D6EE /* SettingsView.swift in Sources */ = {isa = PBXBuildFile; fileRef = 3F44A30B2B63968D00C8D6EE /* SettingsView.swift */; };
		3F44A30E2B6396A700C8D6EE /* SpellingBoardViewModel.swift in Sources */ = {isa = PBXBuildFile; fileRef = 3F44A30D2B6396A700C8D6EE /* SpellingBoardViewModel.swift */; };
		3F44A3102B641C1A00C8D6EE /* TimeStampedPoints.swift in Sources */ = {isa = PBXBuildFile; fileRef = 3F44A30F2B641C1A00C8D6EE /* TimeStampedPoints.swift */; };
		3F44A3122B641C3E00C8D6EE /* CorrectionResponse.swift in Sources */ = {isa = PBXBuildFile; fileRef = 3F44A3112B641C3D00C8D6EE /* CorrectionResponse.swift */; };
		3F71AF542B5ECCAD00BCA7EF /* LandscapeVideo.mp4 in Resources */ = {isa = PBXBuildFile; fileRef = 3F71AF522B5EC68D00BCA7EF /* LandscapeVideo.mp4 */; };
		3F71AF552B5ECCB100BCA7EF /* PortraitVideo.mp4 in Resources */ = {isa = PBXBuildFile; fileRef = 3F71AF532B5EC84700BCA7EF /* PortraitVideo.mp4 */; };
/* End PBXBuildFile section */

/* Begin PBXContainerItemProxy section */
		3F1CAB202B0CB33600D49ADE /* PBXContainerItemProxy */ = {
			isa = PBXContainerItemProxy;
			containerPortal = 3F1CAB072B0CB32F00D49ADE /* Project object */;
			proxyType = 1;
			remoteGlobalIDString = 3F1CAB0E2B0CB33000D49ADE;
			remoteInfo = DragToSpeak;
		};
		3F1CAB2A2B0CB33600D49ADE /* PBXContainerItemProxy */ = {
			isa = PBXContainerItemProxy;
			containerPortal = 3F1CAB072B0CB32F00D49ADE /* Project object */;
			proxyType = 1;
			remoteGlobalIDString = 3F1CAB0E2B0CB33000D49ADE;
			remoteInfo = DragToSpeak;
		};
/* End PBXContainerItemProxy section */

/* Begin PBXFileReference section */
		3F1CAB0F2B0CB33000D49ADE /* DragToSpeak.app */ = {isa = PBXFileReference; explicitFileType = wrapper.application; includeInIndex = 0; path = DragToSpeak.app; sourceTree = BUILT_PRODUCTS_DIR; };
		3F1CAB122B0CB33000D49ADE /* DragToSpeakApp.swift */ = {isa = PBXFileReference; lastKnownFileType = sourcecode.swift; path = DragToSpeakApp.swift; sourceTree = "<group>"; };
		3F1CAB162B0CB33500D49ADE /* Assets.xcassets */ = {isa = PBXFileReference; lastKnownFileType = folder.assetcatalog; path = Assets.xcassets; sourceTree = "<group>"; };
		3F1CAB192B0CB33500D49ADE /* Preview Assets.xcassets */ = {isa = PBXFileReference; lastKnownFileType = folder.assetcatalog; path = "Preview Assets.xcassets"; sourceTree = "<group>"; };
		3F1CAB1F2B0CB33600D49ADE /* DragToSpeakTests.xctest */ = {isa = PBXFileReference; explicitFileType = wrapper.cfbundle; includeInIndex = 0; path = DragToSpeakTests.xctest; sourceTree = BUILT_PRODUCTS_DIR; };
		3F1CAB232B0CB33600D49ADE /* DragToSpeakTests.swift */ = {isa = PBXFileReference; lastKnownFileType = sourcecode.swift; path = DragToSpeakTests.swift; sourceTree = "<group>"; };
		3F1CAB292B0CB33600D49ADE /* DragToSpeakUITests.xctest */ = {isa = PBXFileReference; explicitFileType = wrapper.cfbundle; includeInIndex = 0; path = DragToSpeakUITests.xctest; sourceTree = BUILT_PRODUCTS_DIR; };
		3F1CAB2D2B0CB33600D49ADE /* DragToSpeakUITests.swift */ = {isa = PBXFileReference; lastKnownFileType = sourcecode.swift; path = DragToSpeakUITests.swift; sourceTree = "<group>"; };
		3F1CAB2F2B0CB33600D49ADE /* DragToSpeakUITestsLaunchTests.swift */ = {isa = PBXFileReference; lastKnownFileType = sourcecode.swift; path = DragToSpeakUITestsLaunchTests.swift; sourceTree = "<group>"; };
		3F44A3072B63965D00C8D6EE /* SpellingBoardView.swift */ = {isa = PBXFileReference; lastKnownFileType = sourcecode.swift; path = SpellingBoardView.swift; sourceTree = "<group>"; };
		3F44A3092B63966E00C8D6EE /* OnboardingView.swift */ = {isa = PBXFileReference; lastKnownFileType = sourcecode.swift; path = OnboardingView.swift; sourceTree = "<group>"; };
		3F44A30B2B63968D00C8D6EE /* SettingsView.swift */ = {isa = PBXFileReference; lastKnownFileType = sourcecode.swift; path = SettingsView.swift; sourceTree = "<group>"; };
		3F44A30D2B6396A700C8D6EE /* SpellingBoardViewModel.swift */ = {isa = PBXFileReference; lastKnownFileType = sourcecode.swift; path = SpellingBoardViewModel.swift; sourceTree = "<group>"; };
		3F44A30F2B641C1A00C8D6EE /* TimeStampedPoints.swift */ = {isa = PBXFileReference; lastKnownFileType = sourcecode.swift; path = TimeStampedPoints.swift; sourceTree = "<group>"; };
		3F44A3112B641C3D00C8D6EE /* CorrectionResponse.swift */ = {isa = PBXFileReference; lastKnownFileType = sourcecode.swift; path = CorrectionResponse.swift; sourceTree = "<group>"; };
		3F71AF522B5EC68D00BCA7EF /* LandscapeVideo.mp4 */ = {isa = PBXFileReference; lastKnownFileType = file; path = LandscapeVideo.mp4; sourceTree = "<group>"; };
		3F71AF532B5EC84700BCA7EF /* PortraitVideo.mp4 */ = {isa = PBXFileReference; lastKnownFileType = file; path = PortraitVideo.mp4; sourceTree = "<group>"; };
		D56688D52B5030A00059046C /* Info.plist */ = {isa = PBXFileReference; lastKnownFileType = text.plist; path = Info.plist; sourceTree = "<group>"; };
/* End PBXFileReference section */

/* Begin PBXFrameworksBuildPhase section */
		3F1CAB0C2B0CB33000D49ADE /* Frameworks */ = {
			isa = PBXFrameworksBuildPhase;
			buildActionMask = 2147483647;
			files = (
			);
			runOnlyForDeploymentPostprocessing = 0;
		};
		3F1CAB1C2B0CB33600D49ADE /* Frameworks */ = {
			isa = PBXFrameworksBuildPhase;
			buildActionMask = 2147483647;
			files = (
			);
			runOnlyForDeploymentPostprocessing = 0;
		};
		3F1CAB262B0CB33600D49ADE /* Frameworks */ = {
			isa = PBXFrameworksBuildPhase;
			buildActionMask = 2147483647;
			files = (
			);
			runOnlyForDeploymentPostprocessing = 0;
		};
/* End PBXFrameworksBuildPhase section */

/* Begin PBXGroup section */
		3F1CAB062B0CB32F00D49ADE = {
			isa = PBXGroup;
			children = (
				3F1CAB112B0CB33000D49ADE /* DragToSpeak */,
				3F1CAB222B0CB33600D49ADE /* DragToSpeakTests */,
				3F1CAB2C2B0CB33600D49ADE /* DragToSpeakUITests */,
				3F1CAB102B0CB33000D49ADE /* Products */,
			);
			sourceTree = "<group>";
		};
		3F1CAB102B0CB33000D49ADE /* Products */ = {
			isa = PBXGroup;
			children = (
				3F1CAB0F2B0CB33000D49ADE /* DragToSpeak.app */,
				3F1CAB1F2B0CB33600D49ADE /* DragToSpeakTests.xctest */,
				3F1CAB292B0CB33600D49ADE /* DragToSpeakUITests.xctest */,
			);
			name = Products;
			sourceTree = "<group>";
		};
		3F1CAB112B0CB33000D49ADE /* DragToSpeak */ = {
			isa = PBXGroup;
			children = (
				3F44A3002B6395F900C8D6EE /* Views */,
				3F44A2FF2B6395E900C8D6EE /* Models */,
				3F71AF522B5EC68D00BCA7EF /* LandscapeVideo.mp4 */,
				3F71AF532B5EC84700BCA7EF /* PortraitVideo.mp4 */,
				D56688D52B5030A00059046C /* Info.plist */,
				3F44A3022B63961B00C8D6EE /* Utilities */,
				3F44A3012B63960C00C8D6EE /* ViewModels */,
				3F1CAB122B0CB33000D49ADE /* DragToSpeakApp.swift */,
				3F1CAB162B0CB33500D49ADE /* Assets.xcassets */,
				3F1CAB182B0CB33500D49ADE /* Preview Content */,
			);
			path = DragToSpeak;
			sourceTree = "<group>";
		};
		3F1CAB182B0CB33500D49ADE /* Preview Content */ = {
			isa = PBXGroup;
			children = (
				3F1CAB192B0CB33500D49ADE /* Preview Assets.xcassets */,
			);
			path = "Preview Content";
			sourceTree = "<group>";
		};
		3F1CAB222B0CB33600D49ADE /* DragToSpeakTests */ = {
			isa = PBXGroup;
			children = (
				3F1CAB232B0CB33600D49ADE /* DragToSpeakTests.swift */,
			);
			path = DragToSpeakTests;
			sourceTree = "<group>";
		};
		3F1CAB2C2B0CB33600D49ADE /* DragToSpeakUITests */ = {
			isa = PBXGroup;
			children = (
				3F1CAB2D2B0CB33600D49ADE /* DragToSpeakUITests.swift */,
				3F1CAB2F2B0CB33600D49ADE /* DragToSpeakUITestsLaunchTests.swift */,
			);
			path = DragToSpeakUITests;
			sourceTree = "<group>";
		};
		3F44A2FF2B6395E900C8D6EE /* Models */ = {
			isa = PBXGroup;
			children = (
				3F44A30F2B641C1A00C8D6EE /* TimeStampedPoints.swift */,
				3F44A3112B641C3D00C8D6EE /* CorrectionResponse.swift */,
			);
			path = Models;
			sourceTree = "<group>";
		};
		3F44A3002B6395F900C8D6EE /* Views */ = {
			isa = PBXGroup;
			children = (
				3F44A3072B63965D00C8D6EE /* SpellingBoardView.swift */,
				3F44A3092B63966E00C8D6EE /* OnboardingView.swift */,
				3F44A30B2B63968D00C8D6EE /* SettingsView.swift */,
			);
			path = Views;
			sourceTree = "<group>";
		};
		3F44A3012B63960C00C8D6EE /* ViewModels */ = {
			isa = PBXGroup;
			children = (
				3F44A30D2B6396A700C8D6EE /* SpellingBoardViewModel.swift */,
			);
			path = ViewModels;
			sourceTree = "<group>";
		};
		3F44A3022B63961B00C8D6EE /* Utilities */ = {
			isa = PBXGroup;
			children = (
			);
			path = Utilities;
			sourceTree = "<group>";
		};
/* End PBXGroup section */

/* Begin PBXNativeTarget section */
		3F1CAB0E2B0CB33000D49ADE /* DragToSpeak */ = {
			isa = PBXNativeTarget;
			buildConfigurationList = 3F1CAB332B0CB33600D49ADE /* Build configuration list for PBXNativeTarget "DragToSpeak" */;
			buildPhases = (
				3F1CAB0B2B0CB33000D49ADE /* Sources */,
				3F1CAB0C2B0CB33000D49ADE /* Frameworks */,
				3F1CAB0D2B0CB33000D49ADE /* Resources */,
			);
			buildRules = (
			);
			dependencies = (
			);
			name = DragToSpeak;
			productName = DragToSpeak;
			productReference = 3F1CAB0F2B0CB33000D49ADE /* DragToSpeak.app */;
			productType = "com.apple.product-type.application";
		};
		3F1CAB1E2B0CB33600D49ADE /* DragToSpeakTests */ = {
			isa = PBXNativeTarget;
			buildConfigurationList = 3F1CAB362B0CB33600D49ADE /* Build configuration list for PBXNativeTarget "DragToSpeakTests" */;
			buildPhases = (
				3F1CAB1B2B0CB33600D49ADE /* Sources */,
				3F1CAB1C2B0CB33600D49ADE /* Frameworks */,
				3F1CAB1D2B0CB33600D49ADE /* Resources */,
			);
			buildRules = (
			);
			dependencies = (
				3F1CAB212B0CB33600D49ADE /* PBXTargetDependency */,
			);
			name = DragToSpeakTests;
			productName = DragToSpeakTests;
			productReference = 3F1CAB1F2B0CB33600D49ADE /* DragToSpeakTests.xctest */;
			productType = "com.apple.product-type.bundle.unit-test";
		};
		3F1CAB282B0CB33600D49ADE /* DragToSpeakUITests */ = {
			isa = PBXNativeTarget;
			buildConfigurationList = 3F1CAB392B0CB33600D49ADE /* Build configuration list for PBXNativeTarget "DragToSpeakUITests" */;
			buildPhases = (
				3F1CAB252B0CB33600D49ADE /* Sources */,
				3F1CAB262B0CB33600D49ADE /* Frameworks */,
				3F1CAB272B0CB33600D49ADE /* Resources */,
			);
			buildRules = (
			);
			dependencies = (
				3F1CAB2B2B0CB33600D49ADE /* PBXTargetDependency */,
			);
			name = DragToSpeakUITests;
			productName = DragToSpeakUITests;
			productReference = 3F1CAB292B0CB33600D49ADE /* DragToSpeakUITests.xctest */;
			productType = "com.apple.product-type.bundle.ui-testing";
		};
/* End PBXNativeTarget section */

/* Begin PBXProject section */
		3F1CAB072B0CB32F00D49ADE /* Project object */ = {
			isa = PBXProject;
			attributes = {
				BuildIndependentTargetsInParallel = 1;
				LastSwiftUpdateCheck = 1500;
				LastUpgradeCheck = 1500;
				TargetAttributes = {
					3F1CAB0E2B0CB33000D49ADE = {
						CreatedOnToolsVersion = 15.0.1;
					};
					3F1CAB1E2B0CB33600D49ADE = {
						CreatedOnToolsVersion = 15.0.1;
						TestTargetID = 3F1CAB0E2B0CB33000D49ADE;
					};
					3F1CAB282B0CB33600D49ADE = {
						CreatedOnToolsVersion = 15.0.1;
						TestTargetID = 3F1CAB0E2B0CB33000D49ADE;
					};
				};
			};
			buildConfigurationList = 3F1CAB0A2B0CB33000D49ADE /* Build configuration list for PBXProject "DragToSpeak" */;
			compatibilityVersion = "Xcode 14.0";
			developmentRegion = en;
			hasScannedForEncodings = 0;
			knownRegions = (
				en,
				Base,
			);
			mainGroup = 3F1CAB062B0CB32F00D49ADE;
			productRefGroup = 3F1CAB102B0CB33000D49ADE /* Products */;
			projectDirPath = "";
			projectRoot = "";
			targets = (
				3F1CAB0E2B0CB33000D49ADE /* DragToSpeak */,
				3F1CAB1E2B0CB33600D49ADE /* DragToSpeakTests */,
				3F1CAB282B0CB33600D49ADE /* DragToSpeakUITests */,
			);
		};
/* End PBXProject section */

/* Begin PBXResourcesBuildPhase section */
		3F1CAB0D2B0CB33000D49ADE /* Resources */ = {
			isa = PBXResourcesBuildPhase;
			buildActionMask = 2147483647;
			files = (
				3F71AF552B5ECCB100BCA7EF /* PortraitVideo.mp4 in Resources */,
				3F1CAB1A2B0CB33500D49ADE /* Preview Assets.xcassets in Resources */,
				3F71AF542B5ECCAD00BCA7EF /* LandscapeVideo.mp4 in Resources */,
				3F1CAB172B0CB33500D49ADE /* Assets.xcassets in Resources */,
			);
			runOnlyForDeploymentPostprocessing = 0;
		};
		3F1CAB1D2B0CB33600D49ADE /* Resources */ = {
			isa = PBXResourcesBuildPhase;
			buildActionMask = 2147483647;
			files = (
			);
			runOnlyForDeploymentPostprocessing = 0;
		};
		3F1CAB272B0CB33600D49ADE /* Resources */ = {
			isa = PBXResourcesBuildPhase;
			buildActionMask = 2147483647;
			files = (
			);
			runOnlyForDeploymentPostprocessing = 0;
		};
/* End PBXResourcesBuildPhase section */

/* Begin PBXSourcesBuildPhase section */
		3F1CAB0B2B0CB33000D49ADE /* Sources */ = {
			isa = PBXSourcesBuildPhase;
			buildActionMask = 2147483647;
			files = (
				3F44A3122B641C3E00C8D6EE /* CorrectionResponse.swift in Sources */,
				3F44A30C2B63968D00C8D6EE /* SettingsView.swift in Sources */,
				3F44A30E2B6396A700C8D6EE /* SpellingBoardViewModel.swift in Sources */,
				3F44A3102B641C1A00C8D6EE /* TimeStampedPoints.swift in Sources */,
				3F44A30A2B63966E00C8D6EE /* OnboardingView.swift in Sources */,
				3F44A3082B63965D00C8D6EE /* SpellingBoardView.swift in Sources */,
				3F1CAB132B0CB33000D49ADE /* DragToSpeakApp.swift in Sources */,
			);
			runOnlyForDeploymentPostprocessing = 0;
		};
		3F1CAB1B2B0CB33600D49ADE /* Sources */ = {
			isa = PBXSourcesBuildPhase;
			buildActionMask = 2147483647;
			files = (
				3F1CAB242B0CB33600D49ADE /* DragToSpeakTests.swift in Sources */,
			);
			runOnlyForDeploymentPostprocessing = 0;
		};
		3F1CAB252B0CB33600D49ADE /* Sources */ = {
			isa = PBXSourcesBuildPhase;
			buildActionMask = 2147483647;
			files = (
				3F1CAB302B0CB33600D49ADE /* DragToSpeakUITestsLaunchTests.swift in Sources */,
				3F1CAB2E2B0CB33600D49ADE /* DragToSpeakUITests.swift in Sources */,
			);
			runOnlyForDeploymentPostprocessing = 0;
		};
/* End PBXSourcesBuildPhase section */

/* Begin PBXTargetDependency section */
		3F1CAB212B0CB33600D49ADE /* PBXTargetDependency */ = {
			isa = PBXTargetDependency;
			target = 3F1CAB0E2B0CB33000D49ADE /* DragToSpeak */;
			targetProxy = 3F1CAB202B0CB33600D49ADE /* PBXContainerItemProxy */;
		};
		3F1CAB2B2B0CB33600D49ADE /* PBXTargetDependency */ = {
			isa = PBXTargetDependency;
			target = 3F1CAB0E2B0CB33000D49ADE /* DragToSpeak */;
			targetProxy = 3F1CAB2A2B0CB33600D49ADE /* PBXContainerItemProxy */;
		};
/* End PBXTargetDependency section */

/* Begin XCBuildConfiguration section */
		3F1CAB312B0CB33600D49ADE /* Debug */ = {
			isa = XCBuildConfiguration;
			buildSettings = {
				ALWAYS_SEARCH_USER_PATHS = NO;
				ASSETCATALOG_COMPILER_GENERATE_SWIFT_ASSET_SYMBOL_EXTENSIONS = YES;
				CLANG_ANALYZER_NONNULL = YES;
				CLANG_ANALYZER_NUMBER_OBJECT_CONVERSION = YES_AGGRESSIVE;
				CLANG_CXX_LANGUAGE_STANDARD = "gnu++20";
				CLANG_ENABLE_MODULES = YES;
				CLANG_ENABLE_OBJC_ARC = YES;
				CLANG_ENABLE_OBJC_WEAK = YES;
				CLANG_WARN_BLOCK_CAPTURE_AUTORELEASING = YES;
				CLANG_WARN_BOOL_CONVERSION = YES;
				CLANG_WARN_COMMA = YES;
				CLANG_WARN_CONSTANT_CONVERSION = YES;
				CLANG_WARN_DEPRECATED_OBJC_IMPLEMENTATIONS = YES;
				CLANG_WARN_DIRECT_OBJC_ISA_USAGE = YES_ERROR;
				CLANG_WARN_DOCUMENTATION_COMMENTS = YES;
				CLANG_WARN_EMPTY_BODY = YES;
				CLANG_WARN_ENUM_CONVERSION = YES;
				CLANG_WARN_INFINITE_RECURSION = YES;
				CLANG_WARN_INT_CONVERSION = YES;
				CLANG_WARN_NON_LITERAL_NULL_CONVERSION = YES;
				CLANG_WARN_OBJC_IMPLICIT_RETAIN_SELF = YES;
				CLANG_WARN_OBJC_LITERAL_CONVERSION = YES;
				CLANG_WARN_OBJC_ROOT_CLASS = YES_ERROR;
				CLANG_WARN_QUOTED_INCLUDE_IN_FRAMEWORK_HEADER = YES;
				CLANG_WARN_RANGE_LOOP_ANALYSIS = YES;
				CLANG_WARN_STRICT_PROTOTYPES = YES;
				CLANG_WARN_SUSPICIOUS_MOVE = YES;
				CLANG_WARN_UNGUARDED_AVAILABILITY = YES_AGGRESSIVE;
				CLANG_WARN_UNREACHABLE_CODE = YES;
				CLANG_WARN__DUPLICATE_METHOD_MATCH = YES;
				COPY_PHASE_STRIP = NO;
				DEBUG_INFORMATION_FORMAT = dwarf;
				ENABLE_STRICT_OBJC_MSGSEND = YES;
				ENABLE_TESTABILITY = YES;
				ENABLE_USER_SCRIPT_SANDBOXING = YES;
				GCC_C_LANGUAGE_STANDARD = gnu17;
				GCC_DYNAMIC_NO_PIC = NO;
				GCC_NO_COMMON_BLOCKS = YES;
				GCC_OPTIMIZATION_LEVEL = 0;
				GCC_PREPROCESSOR_DEFINITIONS = (
					"DEBUG=1",
					"$(inherited)",
				);
				GCC_WARN_64_TO_32_BIT_CONVERSION = YES;
				GCC_WARN_ABOUT_RETURN_TYPE = YES_ERROR;
				GCC_WARN_UNDECLARED_SELECTOR = YES;
				GCC_WARN_UNINITIALIZED_AUTOS = YES_AGGRESSIVE;
				GCC_WARN_UNUSED_FUNCTION = YES;
				GCC_WARN_UNUSED_VARIABLE = YES;
				IPHONEOS_DEPLOYMENT_TARGET = 17.0;
				LOCALIZATION_PREFERS_STRING_CATALOGS = YES;
				MTL_ENABLE_DEBUG_INFO = INCLUDE_SOURCE;
				MTL_FAST_MATH = YES;
				ONLY_ACTIVE_ARCH = YES;
				SDKROOT = iphoneos;
				SWIFT_ACTIVE_COMPILATION_CONDITIONS = "DEBUG $(inherited)";
				SWIFT_OPTIMIZATION_LEVEL = "-Onone";
			};
			name = Debug;
		};
		3F1CAB322B0CB33600D49ADE /* Release */ = {
			isa = XCBuildConfiguration;
			buildSettings = {
				ALWAYS_SEARCH_USER_PATHS = NO;
				ASSETCATALOG_COMPILER_GENERATE_SWIFT_ASSET_SYMBOL_EXTENSIONS = YES;
				CLANG_ANALYZER_NONNULL = YES;
				CLANG_ANALYZER_NUMBER_OBJECT_CONVERSION = YES_AGGRESSIVE;
				CLANG_CXX_LANGUAGE_STANDARD = "gnu++20";
				CLANG_ENABLE_MODULES = YES;
				CLANG_ENABLE_OBJC_ARC = YES;
				CLANG_ENABLE_OBJC_WEAK = YES;
				CLANG_WARN_BLOCK_CAPTURE_AUTORELEASING = YES;
				CLANG_WARN_BOOL_CONVERSION = YES;
				CLANG_WARN_COMMA = YES;
				CLANG_WARN_CONSTANT_CONVERSION = YES;
				CLANG_WARN_DEPRECATED_OBJC_IMPLEMENTATIONS = YES;
				CLANG_WARN_DIRECT_OBJC_ISA_USAGE = YES_ERROR;
				CLANG_WARN_DOCUMENTATION_COMMENTS = YES;
				CLANG_WARN_EMPTY_BODY = YES;
				CLANG_WARN_ENUM_CONVERSION = YES;
				CLANG_WARN_INFINITE_RECURSION = YES;
				CLANG_WARN_INT_CONVERSION = YES;
				CLANG_WARN_NON_LITERAL_NULL_CONVERSION = YES;
				CLANG_WARN_OBJC_IMPLICIT_RETAIN_SELF = YES;
				CLANG_WARN_OBJC_LITERAL_CONVERSION = YES;
				CLANG_WARN_OBJC_ROOT_CLASS = YES_ERROR;
				CLANG_WARN_QUOTED_INCLUDE_IN_FRAMEWORK_HEADER = YES;
				CLANG_WARN_RANGE_LOOP_ANALYSIS = YES;
				CLANG_WARN_STRICT_PROTOTYPES = YES;
				CLANG_WARN_SUSPICIOUS_MOVE = YES;
				CLANG_WARN_UNGUARDED_AVAILABILITY = YES_AGGRESSIVE;
				CLANG_WARN_UNREACHABLE_CODE = YES;
				CLANG_WARN__DUPLICATE_METHOD_MATCH = YES;
				COPY_PHASE_STRIP = NO;
				DEBUG_INFORMATION_FORMAT = "dwarf-with-dsym";
				ENABLE_NS_ASSERTIONS = NO;
				ENABLE_STRICT_OBJC_MSGSEND = YES;
				ENABLE_USER_SCRIPT_SANDBOXING = YES;
				GCC_C_LANGUAGE_STANDARD = gnu17;
				GCC_NO_COMMON_BLOCKS = YES;
				GCC_WARN_64_TO_32_BIT_CONVERSION = YES;
				GCC_WARN_ABOUT_RETURN_TYPE = YES_ERROR;
				GCC_WARN_UNDECLARED_SELECTOR = YES;
				GCC_WARN_UNINITIALIZED_AUTOS = YES_AGGRESSIVE;
				GCC_WARN_UNUSED_FUNCTION = YES;
				GCC_WARN_UNUSED_VARIABLE = YES;
				IPHONEOS_DEPLOYMENT_TARGET = 17.0;
				LOCALIZATION_PREFERS_STRING_CATALOGS = YES;
				MTL_ENABLE_DEBUG_INFO = NO;
				MTL_FAST_MATH = YES;
				SDKROOT = iphoneos;
				SWIFT_COMPILATION_MODE = wholemodule;
				VALIDATE_PRODUCT = YES;
			};
			name = Release;
		};
		3F1CAB342B0CB33600D49ADE /* Debug */ = {
			isa = XCBuildConfiguration;
			buildSettings = {
				ASSETCATALOG_COMPILER_APPICON_NAME = AppIcon;
				ASSETCATALOG_COMPILER_GLOBAL_ACCENT_COLOR_NAME = AccentColor;
				CODE_SIGN_STYLE = Automatic;
				CURRENT_PROJECT_VERSION = 1;
				DEVELOPMENT_ASSET_PATHS = "\"DragToSpeak/Preview Content\"";
				DEVELOPMENT_TEAM = K45HHA96ND;
				ENABLE_PREVIEWS = YES;
				GENERATE_INFOPLIST_FILE = YES;
				INFOPLIST_FILE = DragToSpeak/Info.plist;
				INFOPLIST_KEY_UIApplicationSceneManifest_Generation = YES;
				INFOPLIST_KEY_UIApplicationSupportsIndirectInputEvents = YES;
				INFOPLIST_KEY_UILaunchScreen_Generation = YES;
				INFOPLIST_KEY_UISupportedInterfaceOrientations_iPad = "UIInterfaceOrientationPortrait UIInterfaceOrientationPortraitUpsideDown UIInterfaceOrientationLandscapeLeft UIInterfaceOrientationLandscapeRight";
				INFOPLIST_KEY_UISupportedInterfaceOrientations_iPhone = "UIInterfaceOrientationPortrait UIInterfaceOrientationLandscapeLeft UIInterfaceOrientationLandscapeRight";
				LD_RUNPATH_SEARCH_PATHS = (
					"$(inherited)",
					"@executable_path/Frameworks",
				);
				MARKETING_VERSION = 1.0;
				PRODUCT_BUNDLE_IDENTIFIER = acecentre.org.uk.DragToSpeak;
				PRODUCT_NAME = "$(TARGET_NAME)";
				SWIFT_EMIT_LOC_STRINGS = YES;
				SWIFT_VERSION = 5.0;
				TARGETED_DEVICE_FAMILY = "1,2";
			};
			name = Debug;
		};
		3F1CAB352B0CB33600D49ADE /* Release */ = {
			isa = XCBuildConfiguration;
			buildSettings = {
				ASSETCATALOG_COMPILER_APPICON_NAME = AppIcon;
				ASSETCATALOG_COMPILER_GLOBAL_ACCENT_COLOR_NAME = AccentColor;
				CODE_SIGN_STYLE = Automatic;
				CURRENT_PROJECT_VERSION = 1;
				DEVELOPMENT_ASSET_PATHS = "\"DragToSpeak/Preview Content\"";
				DEVELOPMENT_TEAM = K45HHA96ND;
				ENABLE_PREVIEWS = YES;
				GENERATE_INFOPLIST_FILE = YES;
				INFOPLIST_FILE = DragToSpeak/Info.plist;
				INFOPLIST_KEY_UIApplicationSceneManifest_Generation = YES;
				INFOPLIST_KEY_UIApplicationSupportsIndirectInputEvents = YES;
				INFOPLIST_KEY_UILaunchScreen_Generation = YES;
				INFOPLIST_KEY_UISupportedInterfaceOrientations_iPad = "UIInterfaceOrientationPortrait UIInterfaceOrientationPortraitUpsideDown UIInterfaceOrientationLandscapeLeft UIInterfaceOrientationLandscapeRight";
				INFOPLIST_KEY_UISupportedInterfaceOrientations_iPhone = "UIInterfaceOrientationPortrait UIInterfaceOrientationLandscapeLeft UIInterfaceOrientationLandscapeRight";
				LD_RUNPATH_SEARCH_PATHS = (
					"$(inherited)",
					"@executable_path/Frameworks",
				);
				MARKETING_VERSION = 1.0;
				PRODUCT_BUNDLE_IDENTIFIER = acecentre.org.uk.DragToSpeak;
				PRODUCT_NAME = "$(TARGET_NAME)";
				SWIFT_EMIT_LOC_STRINGS = YES;
				SWIFT_VERSION = 5.0;
				TARGETED_DEVICE_FAMILY = "1,2";
			};
			name = Release;
		};
		3F1CAB372B0CB33600D49ADE /* Debug */ = {
			isa = XCBuildConfiguration;
			buildSettings = {
				ALWAYS_EMBED_SWIFT_STANDARD_LIBRARIES = YES;
				BUNDLE_LOADER = "$(TEST_HOST)";
				CODE_SIGN_STYLE = Automatic;
				CURRENT_PROJECT_VERSION = 1;
				DEVELOPMENT_TEAM = K45HHA96ND;
				GENERATE_INFOPLIST_FILE = YES;
				IPHONEOS_DEPLOYMENT_TARGET = 17.0;
				MARKETING_VERSION = 1.0;
				PRODUCT_BUNDLE_IDENTIFIER = acecentre.org.uk.DragToSpeakTests;
				PRODUCT_NAME = "$(TARGET_NAME)";
				SWIFT_EMIT_LOC_STRINGS = NO;
				SWIFT_VERSION = 5.0;
				TARGETED_DEVICE_FAMILY = "1,2";
				TEST_HOST = "$(BUILT_PRODUCTS_DIR)/DragToSpeak.app/$(BUNDLE_EXECUTABLE_FOLDER_PATH)/DragToSpeak";
			};
			name = Debug;
		};
		3F1CAB382B0CB33600D49ADE /* Release */ = {
			isa = XCBuildConfiguration;
			buildSettings = {
				ALWAYS_EMBED_SWIFT_STANDARD_LIBRARIES = YES;
				BUNDLE_LOADER = "$(TEST_HOST)";
				CODE_SIGN_STYLE = Automatic;
				CURRENT_PROJECT_VERSION = 1;
				DEVELOPMENT_TEAM = K45HHA96ND;
				GENERATE_INFOPLIST_FILE = YES;
				IPHONEOS_DEPLOYMENT_TARGET = 17.0;
				MARKETING_VERSION = 1.0;
				PRODUCT_BUNDLE_IDENTIFIER = acecentre.org.uk.DragToSpeakTests;
				PRODUCT_NAME = "$(TARGET_NAME)";
				SWIFT_EMIT_LOC_STRINGS = NO;
				SWIFT_VERSION = 5.0;
				TARGETED_DEVICE_FAMILY = "1,2";
				TEST_HOST = "$(BUILT_PRODUCTS_DIR)/DragToSpeak.app/$(BUNDLE_EXECUTABLE_FOLDER_PATH)/DragToSpeak";
			};
			name = Release;
		};
		3F1CAB3A2B0CB33600D49ADE /* Debug */ = {
			isa = XCBuildConfiguration;
			buildSettings = {
				ALWAYS_EMBED_SWIFT_STANDARD_LIBRARIES = YES;
				CODE_SIGN_STYLE = Automatic;
				CURRENT_PROJECT_VERSION = 1;
				DEVELOPMENT_TEAM = K45HHA96ND;
				GENERATE_INFOPLIST_FILE = YES;
				MARKETING_VERSION = 1.0;
				PRODUCT_BUNDLE_IDENTIFIER = acecentre.org.uk.DragToSpeakUITests;
				PRODUCT_NAME = "$(TARGET_NAME)";
				SWIFT_EMIT_LOC_STRINGS = NO;
				SWIFT_VERSION = 5.0;
				TARGETED_DEVICE_FAMILY = "1,2";
				TEST_TARGET_NAME = DragToSpeak;
			};
			name = Debug;
		};
		3F1CAB3B2B0CB33600D49ADE /* Release */ = {
			isa = XCBuildConfiguration;
			buildSettings = {
				ALWAYS_EMBED_SWIFT_STANDARD_LIBRARIES = YES;
				CODE_SIGN_STYLE = Automatic;
				CURRENT_PROJECT_VERSION = 1;
				DEVELOPMENT_TEAM = K45HHA96ND;
				GENERATE_INFOPLIST_FILE = YES;
				MARKETING_VERSION = 1.0;
				PRODUCT_BUNDLE_IDENTIFIER = acecentre.org.uk.DragToSpeakUITests;
				PRODUCT_NAME = "$(TARGET_NAME)";
				SWIFT_EMIT_LOC_STRINGS = NO;
				SWIFT_VERSION = 5.0;
				TARGETED_DEVICE_FAMILY = "1,2";
				TEST_TARGET_NAME = DragToSpeak;
			};
			name = Release;
		};
/* End XCBuildConfiguration section */

/* Begin XCConfigurationList section */
		3F1CAB0A2B0CB33000D49ADE /* Build configuration list for PBXProject "DragToSpeak" */ = {
			isa = XCConfigurationList;
			buildConfigurations = (
				3F1CAB312B0CB33600D49ADE /* Debug */,
				3F1CAB322B0CB33600D49ADE /* Release */,
			);
			defaultConfigurationIsVisible = 0;
			defaultConfigurationName = Release;
		};
		3F1CAB332B0CB33600D49ADE /* Build configuration list for PBXNativeTarget "DragToSpeak" */ = {
			isa = XCConfigurationList;
			buildConfigurations = (
				3F1CAB342B0CB33600D49ADE /* Debug */,
				3F1CAB352B0CB33600D49ADE /* Release */,
			);
			defaultConfigurationIsVisible = 0;
			defaultConfigurationName = Release;
		};
		3F1CAB362B0CB33600D49ADE /* Build configuration list for PBXNativeTarget "DragToSpeakTests" */ = {
			isa = XCConfigurationList;
			buildConfigurations = (
				3F1CAB372B0CB33600D49ADE /* Debug */,
				3F1CAB382B0CB33600D49ADE /* Release */,
			);
			defaultConfigurationIsVisible = 0;
			defaultConfigurationName = Release;
		};
		3F1CAB392B0CB33600D49ADE /* Build configuration list for PBXNativeTarget "DragToSpeakUITests" */ = {
			isa = XCConfigurationList;
			buildConfigurations = (
				3F1CAB3A2B0CB33600D49ADE /* Debug */,
				3F1CAB3B2B0CB33600D49ADE /* Release */,
			);
			defaultConfigurationIsVisible = 0;
			defaultConfigurationName = Release;
		};
/* End XCConfigurationList section */
	};
	rootObject = 3F1CAB072B0CB32F00D49ADE /* Project object */;
}
