// !$*UTF8*$!
{
	archiveVersion = 1;
	classes = {
	};
	objectVersion = 56;
	objects = {

/* Begin PBXBuildFile section */
		3F1CAB132B0CB33000D49ADE /* DragToSpeakApp.swift in Sources */ = {isa = PBXBuildFile; fileRef = 3F1CAB122B0CB33000D49ADE /* DragToSpeakApp.swift */; };
		3F1CAB172B0CB33500D49ADE /* Assets.xcassets in Resources */ = {isa = PBXBuildFile; fileRef = 3F1CAB162B0CB33500D49ADE /* Assets.xcassets */; };
		3F1CAB1A2B0CB33500D49ADE /* Preview Assets.xcassets in Resources */ = {isa = PBXBuildFile; fileRef = 3F1CAB192B0CB33500D49ADE /* Preview Assets.xcassets */; };
		3F1CAB242B0CB33600D49ADE /* DragToSpeakTests.swift in Sources */ = {isa = PBXBuildFile; fileRef = 3F1CAB232B0CB33600D49ADE /* DragToSpeakTests.swift */; };
		3F1CAB2E2B0CB33600D49ADE /* DragToSpeakUITests.swift in Sources */ = {isa = PBXBuildFile; fileRef = 3F1CAB2D2B0CB33600D49ADE /* DragToSpeakUITests.swift */; };
		3F1CAB302B0CB33600D49ADE /* DragToSpeakUITestsLaunchTests.swift in Sources */ = {isa = PBXBuildFile; fileRef = 3F1CAB2F2B0CB33600D49ADE /* DragToSpeakUITestsLaunchTests.swift */; };
		3F44A3082B63965D00C8D6EE /* SpellingBoardPage.swift in Sources */ = {isa = PBXBuildFile; fileRef = 3F44A3072B63965D00C8D6EE /* SpellingBoardPage.swift */; };
		3F44A30A2B63966E00C8D6EE /* OnboardingPage.swift in Sources */ = {isa = PBXBuildFile; fileRef = 3F44A3092B63966E00C8D6EE /* OnboardingPage.swift */; };
		3F44A30C2B63968D00C8D6EE /* SettingsPage.swift in Sources */ = {isa = PBXBuildFile; fileRef = 3F44A30B2B63968D00C8D6EE /* SettingsPage.swift */; };
		3F44A30E2B6396A700C8D6EE /* DragType.swift in Sources */ = {isa = PBXBuildFile; fileRef = 3F44A30D2B6396A700C8D6EE /* DragType.swift */; };
		D52506682B74FAB900F4E8F6 /* VoiceEngine.swift in Sources */ = {isa = PBXBuildFile; fileRef = D52506672B74FAB900F4E8F6 /* VoiceEngine.swift */; };
		D525066A2B74FAD500F4E8F6 /* MessageController.swift in Sources */ = {isa = PBXBuildFile; fileRef = D52506692B74FAD500F4E8F6 /* MessageController.swift */; };
		D525066C2B74FAEB00F4E8F6 /* MessageBox.swift in Sources */ = {isa = PBXBuildFile; fileRef = D525066B2B74FAEB00F4E8F6 /* MessageBox.swift */; };
		D525066E2B74FB1000F4E8F6 /* MessageAndControlsArea.swift in Sources */ = {isa = PBXBuildFile; fileRef = D525066D2B74FB1000F4E8F6 /* MessageAndControlsArea.swift */; };
		D52506702B74FB2600F4E8F6 /* ResponsiveStack.swift in Sources */ = {isa = PBXBuildFile; fileRef = D525066F2B74FB2600F4E8F6 /* ResponsiveStack.swift */; };
		D52506722B74FB3900F4E8F6 /* CellView.swift in Sources */ = {isa = PBXBuildFile; fileRef = D52506712B74FB3900F4E8F6 /* CellView.swift */; };
		D52506742B74FB4B00F4E8F6 /* DwellController.swift in Sources */ = {isa = PBXBuildFile; fileRef = D52506732B74FB4B00F4E8F6 /* DwellController.swift */; };
		D52506762B74FB6000F4E8F6 /* SpellingBoard.swift in Sources */ = {isa = PBXBuildFile; fileRef = D52506752B74FB6000F4E8F6 /* SpellingBoard.swift */; };
		D52506782B74FB6E00F4E8F6 /* Cell.swift in Sources */ = {isa = PBXBuildFile; fileRef = D52506772B74FB6E00F4E8F6 /* Cell.swift */; };
		D525067A2B74FB8300F4E8F6 /* GridController.swift in Sources */ = {isa = PBXBuildFile; fileRef = D52506792B74FB8300F4E8F6 /* GridController.swift */; };
		D52506802B751E8700F4E8F6 /* DirectionController.swift in Sources */ = {isa = PBXBuildFile; fileRef = D525067F2B751E8700F4E8F6 /* DirectionController.swift */; };
		D52506842B765F1E00F4E8F6 /* Secrets.swift in Sources */ = {isa = PBXBuildFile; fileRef = D52506832B765F1E00F4E8F6 /* Secrets.swift */; };
		D52506862B765F3F00F4E8F6 /* secrets.json in Resources */ = {isa = PBXBuildFile; fileRef = D52506852B765F3F00F4E8F6 /* secrets.json */; };
		D52506882B7667E000F4E8F6 /* String.swift in Sources */ = {isa = PBXBuildFile; fileRef = D52506872B7667E000F4E8F6 /* String.swift */; };
		D5D0DDA52B73C3EE00F15C5C /* AppSettings.swift in Sources */ = {isa = PBXBuildFile; fileRef = D5D0DDA42B73C3EE00F15C5C /* AppSettings.swift */; };
		D5D0DDA72B73C40A00F15C5C /* Layout.swift in Sources */ = {isa = PBXBuildFile; fileRef = D5D0DDA62B73C40A00F15C5C /* Layout.swift */; };
		D5D0DDA92B73C43F00F15C5C /* SheetLink.swift in Sources */ = {isa = PBXBuildFile; fileRef = D5D0DDA82B73C43F00F15C5C /* SheetLink.swift */; };
		D5D0DDAB2B73C48900F15C5C /* SpellingBoardPageOld.swift in Sources */ = {isa = PBXBuildFile; fileRef = D5D0DDAA2B73C48900F15C5C /* SpellingBoardPageOld.swift */; };
		D5D0DDAD2B73C4C600F15C5C /* DwellProgress.swift in Sources */ = {isa = PBXBuildFile; fileRef = D5D0DDAC2B73C4C600F15C5C /* DwellProgress.swift */; };
		D5D0DDB02B73C4EE00F15C5C /* Array.swift in Sources */ = {isa = PBXBuildFile; fileRef = D5D0DDAF2B73C4EE00F15C5C /* Array.swift */; };
		D5D0DDB22B73C51300F15C5C /* TrailView.swift in Sources */ = {isa = PBXBuildFile; fileRef = D5D0DDB12B73C51300F15C5C /* TrailView.swift */; };
		D5D0DDB42B73C53700F15C5C /* TrailController.swift in Sources */ = {isa = PBXBuildFile; fileRef = D5D0DDB32B73C53700F15C5C /* TrailController.swift */; };
		D5D5D68D2B71060B00E48FE4 /* LandscapeVideo.gif in Resources */ = {isa = PBXBuildFile; fileRef = D5D5D68B2B71060B00E48FE4 /* LandscapeVideo.gif */; };
		D5D5D68E2B71060B00E48FE4 /* PortraitVideo.gif in Resources */ = {isa = PBXBuildFile; fileRef = D5D5D68C2B71060B00E48FE4 /* PortraitVideo.gif */; };
/* End PBXBuildFile section */

/* Begin PBXContainerItemProxy section */
		3F1CAB202B0CB33600D49ADE /* PBXContainerItemProxy */ = {
			isa = PBXContainerItemProxy;
			containerPortal = 3F1CAB072B0CB32F00D49ADE /* Project object */;
			proxyType = 1;
			remoteGlobalIDString = 3F1CAB0E2B0CB33000D49ADE;
			remoteInfo = DragToSpeak;
		};
		3F1CAB2A2B0CB33600D49ADE /* PBXContainerItemProxy */ = {
			isa = PBXContainerItemProxy;
			containerPortal = 3F1CAB072B0CB32F00D49ADE /* Project object */;
			proxyType = 1;
			remoteGlobalIDString = 3F1CAB0E2B0CB33000D49ADE;
			remoteInfo = DragToSpeak;
		};
/* End PBXContainerItemProxy section */

/* Begin PBXFileReference section */
		3F1CAB0F2B0CB33000D49ADE /* DragToSpeak.app */ = {isa = PBXFileReference; explicitFileType = wrapper.application; includeInIndex = 0; path = DragToSpeak.app; sourceTree = BUILT_PRODUCTS_DIR; };
		3F1CAB122B0CB33000D49ADE /* DragToSpeakApp.swift */ = {isa = PBXFileReference; lastKnownFileType = sourcecode.swift; path = DragToSpeakApp.swift; sourceTree = "<group>"; };
		3F1CAB162B0CB33500D49ADE /* Assets.xcassets */ = {isa = PBXFileReference; lastKnownFileType = folder.assetcatalog; path = Assets.xcassets; sourceTree = "<group>"; };
		3F1CAB192B0CB33500D49ADE /* Preview Assets.xcassets */ = {isa = PBXFileReference; lastKnownFileType = folder.assetcatalog; path = "Preview Assets.xcassets"; sourceTree = "<group>"; };
		3F1CAB1F2B0CB33600D49ADE /* DragToSpeakTests.xctest */ = {isa = PBXFileReference; explicitFileType = wrapper.cfbundle; includeInIndex = 0; path = DragToSpeakTests.xctest; sourceTree = BUILT_PRODUCTS_DIR; };
		3F1CAB232B0CB33600D49ADE /* DragToSpeakTests.swift */ = {isa = PBXFileReference; lastKnownFileType = sourcecode.swift; path = DragToSpeakTests.swift; sourceTree = "<group>"; };
		3F1CAB292B0CB33600D49ADE /* DragToSpeakUITests.xctest */ = {isa = PBXFileReference; explicitFileType = wrapper.cfbundle; includeInIndex = 0; path = DragToSpeakUITests.xctest; sourceTree = BUILT_PRODUCTS_DIR; };
		3F1CAB2D2B0CB33600D49ADE /* DragToSpeakUITests.swift */ = {isa = PBXFileReference; lastKnownFileType = sourcecode.swift; path = DragToSpeakUITests.swift; sourceTree = "<group>"; };
		3F1CAB2F2B0CB33600D49ADE /* DragToSpeakUITestsLaunchTests.swift */ = {isa = PBXFileReference; lastKnownFileType = sourcecode.swift; path = DragToSpeakUITestsLaunchTests.swift; sourceTree = "<group>"; };
		3F44A3072B63965D00C8D6EE /* SpellingBoardPage.swift */ = {isa = PBXFileReference; lastKnownFileType = sourcecode.swift; path = SpellingBoardPage.swift; sourceTree = "<group>"; };
		3F44A3092B63966E00C8D6EE /* OnboardingPage.swift */ = {isa = PBXFileReference; lastKnownFileType = sourcecode.swift; path = OnboardingPage.swift; sourceTree = "<group>"; };
		3F44A30B2B63968D00C8D6EE /* SettingsPage.swift */ = {isa = PBXFileReference; lastKnownFileType = sourcecode.swift; path = SettingsPage.swift; sourceTree = "<group>"; };
		3F44A30D2B6396A700C8D6EE /* DragType.swift */ = {isa = PBXFileReference; lastKnownFileType = sourcecode.swift; path = DragType.swift; sourceTree = "<group>"; };
		D52506672B74FAB900F4E8F6 /* VoiceEngine.swift */ = {isa = PBXFileReference; lastKnownFileType = sourcecode.swift; path = VoiceEngine.swift; sourceTree = "<group>"; };
		D52506692B74FAD500F4E8F6 /* MessageController.swift */ = {isa = PBXFileReference; lastKnownFileType = sourcecode.swift; path = MessageController.swift; sourceTree = "<group>"; };
		D525066B2B74FAEB00F4E8F6 /* MessageBox.swift */ = {isa = PBXFileReference; lastKnownFileType = sourcecode.swift; path = MessageBox.swift; sourceTree = "<group>"; };
		D525066D2B74FB1000F4E8F6 /* MessageAndControlsArea.swift */ = {isa = PBXFileReference; lastKnownFileType = sourcecode.swift; path = MessageAndControlsArea.swift; sourceTree = "<group>"; };
		D525066F2B74FB2600F4E8F6 /* ResponsiveStack.swift */ = {isa = PBXFileReference; lastKnownFileType = sourcecode.swift; path = ResponsiveStack.swift; sourceTree = "<group>"; };
		D52506712B74FB3900F4E8F6 /* CellView.swift */ = {isa = PBXFileReference; lastKnownFileType = sourcecode.swift; path = CellView.swift; sourceTree = "<group>"; };
		D52506732B74FB4B00F4E8F6 /* DwellController.swift */ = {isa = PBXFileReference; lastKnownFileType = sourcecode.swift; path = DwellController.swift; sourceTree = "<group>"; };
		D52506752B74FB6000F4E8F6 /* SpellingBoard.swift */ = {isa = PBXFileReference; lastKnownFileType = sourcecode.swift; path = SpellingBoard.swift; sourceTree = "<group>"; };
		D52506772B74FB6E00F4E8F6 /* Cell.swift */ = {isa = PBXFileReference; lastKnownFileType = sourcecode.swift; path = Cell.swift; sourceTree = "<group>"; };
		D52506792B74FB8300F4E8F6 /* GridController.swift */ = {isa = PBXFileReference; lastKnownFileType = sourcecode.swift; path = GridController.swift; sourceTree = "<group>"; };
		D525067F2B751E8700F4E8F6 /* DirectionController.swift */ = {isa = PBXFileReference; lastKnownFileType = sourcecode.swift; path = DirectionController.swift; sourceTree = "<group>"; };
		D52506822B765EB200F4E8F6 /* ci_pre_xcodebuild.sh */ = {isa = PBXFileReference; lastKnownFileType = text.script.sh; path = ci_pre_xcodebuild.sh; sourceTree = "<group>"; };
		D52506832B765F1E00F4E8F6 /* Secrets.swift */ = {isa = PBXFileReference; lastKnownFileType = sourcecode.swift; path = Secrets.swift; sourceTree = "<group>"; };
		D52506852B765F3F00F4E8F6 /* secrets.json */ = {isa = PBXFileReference; fileEncoding = 4; lastKnownFileType = text.json; name = secrets.json; path = DragToSpeak/secrets.json; sourceTree = SOURCE_ROOT; };
		D52506872B7667E000F4E8F6 /* String.swift */ = {isa = PBXFileReference; lastKnownFileType = sourcecode.swift; path = String.swift; sourceTree = "<group>"; };
		D56688D52B5030A00059046C /* Info.plist */ = {isa = PBXFileReference; lastKnownFileType = text.plist; path = Info.plist; sourceTree = "<group>"; };
		D5D0DDA42B73C3EE00F15C5C /* AppSettings.swift */ = {isa = PBXFileReference; lastKnownFileType = sourcecode.swift; path = AppSettings.swift; sourceTree = "<group>"; };
		D5D0DDA62B73C40A00F15C5C /* Layout.swift */ = {isa = PBXFileReference; lastKnownFileType = sourcecode.swift; path = Layout.swift; sourceTree = "<group>"; };
		D5D0DDA82B73C43F00F15C5C /* SheetLink.swift */ = {isa = PBXFileReference; lastKnownFileType = sourcecode.swift; path = SheetLink.swift; sourceTree = "<group>"; };
		D5D0DDAA2B73C48900F15C5C /* SpellingBoardPageOld.swift */ = {isa = PBXFileReference; lastKnownFileType = sourcecode.swift; path = SpellingBoardPageOld.swift; sourceTree = "<group>"; };
		D5D0DDAC2B73C4C600F15C5C /* DwellProgress.swift */ = {isa = PBXFileReference; lastKnownFileType = sourcecode.swift; path = DwellProgress.swift; sourceTree = "<group>"; };
		D5D0DDAF2B73C4EE00F15C5C /* Array.swift */ = {isa = PBXFileReference; lastKnownFileType = sourcecode.swift; path = Array.swift; sourceTree = "<group>"; };
		D5D0DDB12B73C51300F15C5C /* TrailView.swift */ = {isa = PBXFileReference; lastKnownFileType = sourcecode.swift; path = TrailView.swift; sourceTree = "<group>"; };
		D5D0DDB32B73C53700F15C5C /* TrailController.swift */ = {isa = PBXFileReference; lastKnownFileType = sourcecode.swift; path = TrailController.swift; sourceTree = "<group>"; };
		D5D5D68B2B71060B00E48FE4 /* LandscapeVideo.gif */ = {isa = PBXFileReference; lastKnownFileType = image.gif; path = LandscapeVideo.gif; sourceTree = "<group>"; };
		D5D5D68C2B71060B00E48FE4 /* PortraitVideo.gif */ = {isa = PBXFileReference; lastKnownFileType = image.gif; path = PortraitVideo.gif; sourceTree = "<group>"; };
/* End PBXFileReference section */

/* Begin PBXFrameworksBuildPhase section */
		3F1CAB0C2B0CB33000D49ADE /* Frameworks */ = {
			isa = PBXFrameworksBuildPhase;
			buildActionMask = 2147483647;
			files = (
			);
			runOnlyForDeploymentPostprocessing = 0;
		};
		3F1CAB1C2B0CB33600D49ADE /* Frameworks */ = {
			isa = PBXFrameworksBuildPhase;
			buildActionMask = 2147483647;
			files = (
			);
			runOnlyForDeploymentPostprocessing = 0;
		};
		3F1CAB262B0CB33600D49ADE /* Frameworks */ = {
			isa = PBXFrameworksBuildPhase;
			buildActionMask = 2147483647;
			files = (
			);
			runOnlyForDeploymentPostprocessing = 0;
		};
/* End PBXFrameworksBuildPhase section */

/* Begin PBXGroup section */
		3F1CAB062B0CB32F00D49ADE = {
			isa = PBXGroup;
			children = (
				D52506812B765E9A00F4E8F6 /* ci_scripts */,
				3F1CAB112B0CB33000D49ADE /* DragToSpeak */,
				3F1CAB222B0CB33600D49ADE /* DragToSpeakTests */,
				3F1CAB2C2B0CB33600D49ADE /* DragToSpeakUITests */,
				3F1CAB102B0CB33000D49ADE /* Products */,
			);
			sourceTree = "<group>";
		};
		3F1CAB102B0CB33000D49ADE /* Products */ = {
			isa = PBXGroup;
			children = (
				3F1CAB0F2B0CB33000D49ADE /* DragToSpeak.app */,
				3F1CAB1F2B0CB33600D49ADE /* DragToSpeakTests.xctest */,
				3F1CAB292B0CB33600D49ADE /* DragToSpeakUITests.xctest */,
			);
			name = Products;
			sourceTree = "<group>";
		};
		3F1CAB112B0CB33000D49ADE /* DragToSpeak */ = {
			isa = PBXGroup;
			children = (
				3F1CAB122B0CB33000D49ADE /* DragToSpeakApp.swift */,
				D525067E2B74FBDD00F4E8F6 /* Observable */,
				D525067D2B74FBCC00F4E8F6 /* Model */,
				D525067C2B74FBA100F4E8F6 /* Components */,
				D525067B2B74FB9400F4E8F6 /* Pages */,
				D5D0DDAE2B73C4E000F15C5C /* Extensions */,
				D5D5D68B2B71060B00E48FE4 /* LandscapeVideo.gif */,
				D5D5D68C2B71060B00E48FE4 /* PortraitVideo.gif */,
				D52506852B765F3F00F4E8F6 /* secrets.json */,
				D56688D52B5030A00059046C /* Info.plist */,
				3F1CAB162B0CB33500D49ADE /* Assets.xcassets */,
				3F1CAB182B0CB33500D49ADE /* Preview Content */,
			);
			path = DragToSpeak;
			sourceTree = "<group>";
		};
		3F1CAB182B0CB33500D49ADE /* Preview Content */ = {
			isa = PBXGroup;
			children = (
				3F1CAB192B0CB33500D49ADE /* Preview Assets.xcassets */,
			);
			path = "Preview Content";
			sourceTree = "<group>";
		};
		3F1CAB222B0CB33600D49ADE /* DragToSpeakTests */ = {
			isa = PBXGroup;
			children = (
				3F1CAB232B0CB33600D49ADE /* DragToSpeakTests.swift */,
			);
			path = DragToSpeakTests;
			sourceTree = "<group>";
		};
		3F1CAB2C2B0CB33600D49ADE /* DragToSpeakUITests */ = {
			isa = PBXGroup;
			children = (
				3F1CAB2D2B0CB33600D49ADE /* DragToSpeakUITests.swift */,
				3F1CAB2F2B0CB33600D49ADE /* DragToSpeakUITestsLaunchTests.swift */,
			);
			path = DragToSpeakUITests;
			sourceTree = "<group>";
		};
		D525067B2B74FB9400F4E8F6 /* Pages */ = {
			isa = PBXGroup;
			children = (
				3F44A30B2B63968D00C8D6EE /* SettingsPage.swift */,
				D5D0DDAA2B73C48900F15C5C /* SpellingBoardPageOld.swift */,
				3F44A3072B63965D00C8D6EE /* SpellingBoardPage.swift */,
				3F44A3092B63966E00C8D6EE /* OnboardingPage.swift */,
			);
			path = Pages;
			sourceTree = "<group>";
		};
		D525067C2B74FBA100F4E8F6 /* Components */ = {
			isa = PBXGroup;
			children = (
				D525066B2B74FAEB00F4E8F6 /* MessageBox.swift */,
				D5D0DDAC2B73C4C600F15C5C /* DwellProgress.swift */,
				D525066D2B74FB1000F4E8F6 /* MessageAndControlsArea.swift */,
				D5D0DDA82B73C43F00F15C5C /* SheetLink.swift */,
				D525066F2B74FB2600F4E8F6 /* ResponsiveStack.swift */,
				D5D0DDB12B73C51300F15C5C /* TrailView.swift */,
				D52506752B74FB6000F4E8F6 /* SpellingBoard.swift */,
				D52506712B74FB3900F4E8F6 /* CellView.swift */,
			);
			path = Components;
			sourceTree = "<group>";
		};
		D525067D2B74FBCC00F4E8F6 /* Model */ = {
			isa = PBXGroup;
			children = (
				3F44A30D2B6396A700C8D6EE /* DragType.swift */,
				D52506832B765F1E00F4E8F6 /* Secrets.swift */,
				D5D0DDA62B73C40A00F15C5C /* Layout.swift */,
				D52506772B74FB6E00F4E8F6 /* Cell.swift */,
			);
			path = Model;
			sourceTree = "<group>";
		};
		D525067E2B74FBDD00F4E8F6 /* Observable */ = {
			isa = PBXGroup;
			children = (
				D5D0DDA42B73C3EE00F15C5C /* AppSettings.swift */,
				D5D0DDB32B73C53700F15C5C /* TrailController.swift */,
				D52506732B74FB4B00F4E8F6 /* DwellController.swift */,
				D525067F2B751E8700F4E8F6 /* DirectionController.swift */,
				D52506792B74FB8300F4E8F6 /* GridController.swift */,
				D52506672B74FAB900F4E8F6 /* VoiceEngine.swift */,
				D52506692B74FAD500F4E8F6 /* MessageController.swift */,
			);
			path = Observable;
			sourceTree = "<group>";
		};
		D52506812B765E9A00F4E8F6 /* ci_scripts */ = {
			isa = PBXGroup;
			children = (
				D52506822B765EB200F4E8F6 /* ci_pre_xcodebuild.sh */,
			);
			path = ci_scripts;
			sourceTree = "<group>";
		};
		D5D0DDAE2B73C4E000F15C5C /* Extensions */ = {
			isa = PBXGroup;
			children = (
				D5D0DDAF2B73C4EE00F15C5C /* Array.swift */,
				D52506872B7667E000F4E8F6 /* String.swift */,
			);
			path = Extensions;
			sourceTree = "<group>";
		};
/* End PBXGroup section */

/* Begin PBXNativeTarget section */
		3F1CAB0E2B0CB33000D49ADE /* DragToSpeak */ = {
			isa = PBXNativeTarget;
			buildConfigurationList = 3F1CAB332B0CB33600D49ADE /* Build configuration list for PBXNativeTarget "DragToSpeak" */;
			buildPhases = (
				3F1CAB0B2B0CB33000D49ADE /* Sources */,
				3F1CAB0C2B0CB33000D49ADE /* Frameworks */,
				3F1CAB0D2B0CB33000D49ADE /* Resources */,
			);
			buildRules = (
			);
			dependencies = (
			);
			name = DragToSpeak;
			productName = DragToSpeak;
			productReference = 3F1CAB0F2B0CB33000D49ADE /* DragToSpeak.app */;
			productType = "com.apple.product-type.application";
		};
		3F1CAB1E2B0CB33600D49ADE /* DragToSpeakTests */ = {
			isa = PBXNativeTarget;
			buildConfigurationList = 3F1CAB362B0CB33600D49ADE /* Build configuration list for PBXNativeTarget "DragToSpeakTests" */;
			buildPhases = (
				3F1CAB1B2B0CB33600D49ADE /* Sources */,
				3F1CAB1C2B0CB33600D49ADE /* Frameworks */,
				3F1CAB1D2B0CB33600D49ADE /* Resources */,
			);
			buildRules = (
			);
			dependencies = (
				3F1CAB212B0CB33600D49ADE /* PBXTargetDependency */,
			);
			name = DragToSpeakTests;
			productName = DragToSpeakTests;
			productReference = 3F1CAB1F2B0CB33600D49ADE /* DragToSpeakTests.xctest */;
			productType = "com.apple.product-type.bundle.unit-test";
		};
		3F1CAB282B0CB33600D49ADE /* DragToSpeakUITests */ = {
			isa = PBXNativeTarget;
			buildConfigurationList = 3F1CAB392B0CB33600D49ADE /* Build configuration list for PBXNativeTarget "DragToSpeakUITests" */;
			buildPhases = (
				3F1CAB252B0CB33600D49ADE /* Sources */,
				3F1CAB262B0CB33600D49ADE /* Frameworks */,
				3F1CAB272B0CB33600D49ADE /* Resources */,
			);
			buildRules = (
			);
			dependencies = (
				3F1CAB2B2B0CB33600D49ADE /* PBXTargetDependency */,
			);
			name = DragToSpeakUITests;
			productName = DragToSpeakUITests;
			productReference = 3F1CAB292B0CB33600D49ADE /* DragToSpeakUITests.xctest */;
			productType = "com.apple.product-type.bundle.ui-testing";
		};
/* End PBXNativeTarget section */

/* Begin PBXProject section */
		3F1CAB072B0CB32F00D49ADE /* Project object */ = {
			isa = PBXProject;
			attributes = {
				BuildIndependentTargetsInParallel = 1;
				LastSwiftUpdateCheck = 1500;
				LastUpgradeCheck = 1500;
				TargetAttributes = {
					3F1CAB0E2B0CB33000D49ADE = {
						CreatedOnToolsVersion = 15.0.1;
					};
					3F1CAB1E2B0CB33600D49ADE = {
						CreatedOnToolsVersion = 15.0.1;
						TestTargetID = 3F1CAB0E2B0CB33000D49ADE;
					};
					3F1CAB282B0CB33600D49ADE = {
						CreatedOnToolsVersion = 15.0.1;
						TestTargetID = 3F1CAB0E2B0CB33000D49ADE;
					};
				};
			};
			buildConfigurationList = 3F1CAB0A2B0CB33000D49ADE /* Build configuration list for PBXProject "DragToSpeak" */;
			compatibilityVersion = "Xcode 14.0";
			developmentRegion = en;
			hasScannedForEncodings = 0;
			knownRegions = (
				en,
				Base,
			);
			mainGroup = 3F1CAB062B0CB32F00D49ADE;
			productRefGroup = 3F1CAB102B0CB33000D49ADE /* Products */;
			projectDirPath = "";
			projectRoot = "";
			targets = (
				3F1CAB0E2B0CB33000D49ADE /* DragToSpeak */,
				3F1CAB1E2B0CB33600D49ADE /* DragToSpeakTests */,
				3F1CAB282B0CB33600D49ADE /* DragToSpeakUITests */,
			);
		};
/* End PBXProject section */

/* Begin PBXResourcesBuildPhase section */
		3F1CAB0D2B0CB33000D49ADE /* Resources */ = {
			isa = PBXResourcesBuildPhase;
			buildActionMask = 2147483647;
			files = (
				3F1CAB1A2B0CB33500D49ADE /* Preview Assets.xcassets in Resources */,
				D5D5D68E2B71060B00E48FE4 /* PortraitVideo.gif in Resources */,
				D5D5D68D2B71060B00E48FE4 /* LandscapeVideo.gif in Resources */,
				D52506862B765F3F00F4E8F6 /* secrets.json in Resources */,
				3F1CAB172B0CB33500D49ADE /* Assets.xcassets in Resources */,
			);
			runOnlyForDeploymentPostprocessing = 0;
		};
		3F1CAB1D2B0CB33600D49ADE /* Resources */ = {
			isa = PBXResourcesBuildPhase;
			buildActionMask = 2147483647;
			files = (
			);
			runOnlyForDeploymentPostprocessing = 0;
		};
		3F1CAB272B0CB33600D49ADE /* Resources */ = {
			isa = PBXResourcesBuildPhase;
			buildActionMask = 2147483647;
			files = (
			);
			runOnlyForDeploymentPostprocessing = 0;
		};
/* End PBXResourcesBuildPhase section */

/* Begin PBXSourcesBuildPhase section */
		3F1CAB0B2B0CB33000D49ADE /* Sources */ = {
			isa = PBXSourcesBuildPhase;
			buildActionMask = 2147483647;
			files = (
				D525066E2B74FB1000F4E8F6 /* MessageAndControlsArea.swift in Sources */,
				D525067A2B74FB8300F4E8F6 /* GridController.swift in Sources */,
				D52506782B74FB6E00F4E8F6 /* Cell.swift in Sources */,
				D5D0DDAD2B73C4C600F15C5C /* DwellProgress.swift in Sources */,
				D5D0DDB42B73C53700F15C5C /* TrailController.swift in Sources */,
				3F44A30C2B63968D00C8D6EE /* SettingsPage.swift in Sources */,
				D5D0DDA52B73C3EE00F15C5C /* AppSettings.swift in Sources */,
				D52506762B74FB6000F4E8F6 /* SpellingBoard.swift in Sources */,
				D5D0DDAB2B73C48900F15C5C /* SpellingBoardPageOld.swift in Sources */,
				D5D0DDA92B73C43F00F15C5C /* SheetLink.swift in Sources */,
				D52506842B765F1E00F4E8F6 /* Secrets.swift in Sources */,
				3F44A30E2B6396A700C8D6EE /* DragType.swift in Sources */,
				D52506702B74FB2600F4E8F6 /* ResponsiveStack.swift in Sources */,
				D52506742B74FB4B00F4E8F6 /* DwellController.swift in Sources */,
				D52506882B7667E000F4E8F6 /* String.swift in Sources */,
				3F44A30A2B63966E00C8D6EE /* OnboardingPage.swift in Sources */,
				D52506682B74FAB900F4E8F6 /* VoiceEngine.swift in Sources */,
				D5D0DDB22B73C51300F15C5C /* TrailView.swift in Sources */,
				D525066A2B74FAD500F4E8F6 /* MessageController.swift in Sources */,
				D5D0DDA72B73C40A00F15C5C /* Layout.swift in Sources */,
				D525066C2B74FAEB00F4E8F6 /* MessageBox.swift in Sources */,
				D52506722B74FB3900F4E8F6 /* CellView.swift in Sources */,
				D52506802B751E8700F4E8F6 /* DirectionController.swift in Sources */,
				D5D0DDB02B73C4EE00F15C5C /* Array.swift in Sources */,
				3F44A3082B63965D00C8D6EE /* SpellingBoardPage.swift in Sources */,
				3F1CAB132B0CB33000D49ADE /* DragToSpeakApp.swift in Sources */,
			);
			runOnlyForDeploymentPostprocessing = 0;
		};
		3F1CAB1B2B0CB33600D49ADE /* Sources */ = {
			isa = PBXSourcesBuildPhase;
			buildActionMask = 2147483647;
			files = (
				3F1CAB242B0CB33600D49ADE /* DragToSpeakTests.swift in Sources */,
			);
			runOnlyForDeploymentPostprocessing = 0;
		};
		3F1CAB252B0CB33600D49ADE /* Sources */ = {
			isa = PBXSourcesBuildPhase;
			buildActionMask = 2147483647;
			files = (
				3F1CAB302B0CB33600D49ADE /* DragToSpeakUITestsLaunchTests.swift in Sources */,
				3F1CAB2E2B0CB33600D49ADE /* DragToSpeakUITests.swift in Sources */,
			);
			runOnlyForDeploymentPostprocessing = 0;
		};
/* End PBXSourcesBuildPhase section */

/* Begin PBXTargetDependency section */
		3F1CAB212B0CB33600D49ADE /* PBXTargetDependency */ = {
			isa = PBXTargetDependency;
			target = 3F1CAB0E2B0CB33000D49ADE /* DragToSpeak */;
			targetProxy = 3F1CAB202B0CB33600D49ADE /* PBXContainerItemProxy */;
		};
		3F1CAB2B2B0CB33600D49ADE /* PBXTargetDependency */ = {
			isa = PBXTargetDependency;
			target = 3F1CAB0E2B0CB33000D49ADE /* DragToSpeak */;
			targetProxy = 3F1CAB2A2B0CB33600D49ADE /* PBXContainerItemProxy */;
		};
/* End PBXTargetDependency section */

/* Begin XCBuildConfiguration section */
		3F1CAB312B0CB33600D49ADE /* Debug */ = {
			isa = XCBuildConfiguration;
			buildSettings = {
				ALWAYS_SEARCH_USER_PATHS = NO;
				ASSETCATALOG_COMPILER_GENERATE_SWIFT_ASSET_SYMBOL_EXTENSIONS = YES;
				CLANG_ANALYZER_NONNULL = YES;
				CLANG_ANALYZER_NUMBER_OBJECT_CONVERSION = YES_AGGRESSIVE;
				CLANG_CXX_LANGUAGE_STANDARD = "gnu++20";
				CLANG_ENABLE_MODULES = YES;
				CLANG_ENABLE_OBJC_ARC = YES;
				CLANG_ENABLE_OBJC_WEAK = YES;
				CLANG_WARN_BLOCK_CAPTURE_AUTORELEASING = YES;
				CLANG_WARN_BOOL_CONVERSION = YES;
				CLANG_WARN_COMMA = YES;
				CLANG_WARN_CONSTANT_CONVERSION = YES;
				CLANG_WARN_DEPRECATED_OBJC_IMPLEMENTATIONS = YES;
				CLANG_WARN_DIRECT_OBJC_ISA_USAGE = YES_ERROR;
				CLANG_WARN_DOCUMENTATION_COMMENTS = YES;
				CLANG_WARN_EMPTY_BODY = YES;
				CLANG_WARN_ENUM_CONVERSION = YES;
				CLANG_WARN_INFINITE_RECURSION = YES;
				CLANG_WARN_INT_CONVERSION = YES;
				CLANG_WARN_NON_LITERAL_NULL_CONVERSION = YES;
				CLANG_WARN_OBJC_IMPLICIT_RETAIN_SELF = YES;
				CLANG_WARN_OBJC_LITERAL_CONVERSION = YES;
				CLANG_WARN_OBJC_ROOT_CLASS = YES_ERROR;
				CLANG_WARN_QUOTED_INCLUDE_IN_FRAMEWORK_HEADER = YES;
				CLANG_WARN_RANGE_LOOP_ANALYSIS = YES;
				CLANG_WARN_STRICT_PROTOTYPES = YES;
				CLANG_WARN_SUSPICIOUS_MOVE = YES;
				CLANG_WARN_UNGUARDED_AVAILABILITY = YES_AGGRESSIVE;
				CLANG_WARN_UNREACHABLE_CODE = YES;
				CLANG_WARN__DUPLICATE_METHOD_MATCH = YES;
				COPY_PHASE_STRIP = NO;
				DEBUG_INFORMATION_FORMAT = dwarf;
				ENABLE_STRICT_OBJC_MSGSEND = YES;
				ENABLE_TESTABILITY = YES;
				ENABLE_USER_SCRIPT_SANDBOXING = YES;
				GCC_C_LANGUAGE_STANDARD = gnu17;
				GCC_DYNAMIC_NO_PIC = NO;
				GCC_NO_COMMON_BLOCKS = YES;
				GCC_OPTIMIZATION_LEVEL = 0;
				GCC_PREPROCESSOR_DEFINITIONS = (
					"DEBUG=1",
					"$(inherited)",
				);
				GCC_WARN_64_TO_32_BIT_CONVERSION = YES;
				GCC_WARN_ABOUT_RETURN_TYPE = YES_ERROR;
				GCC_WARN_UNDECLARED_SELECTOR = YES;
				GCC_WARN_UNINITIALIZED_AUTOS = YES_AGGRESSIVE;
				GCC_WARN_UNUSED_FUNCTION = YES;
				GCC_WARN_UNUSED_VARIABLE = YES;
				IPHONEOS_DEPLOYMENT_TARGET = 17.0;
				LOCALIZATION_PREFERS_STRING_CATALOGS = YES;
				MTL_ENABLE_DEBUG_INFO = INCLUDE_SOURCE;
				MTL_FAST_MATH = YES;
				ONLY_ACTIVE_ARCH = YES;
				SDKROOT = iphoneos;
				SWIFT_ACTIVE_COMPILATION_CONDITIONS = "DEBUG $(inherited)";
				SWIFT_OPTIMIZATION_LEVEL = "-Onone";
			};
			name = Debug;
		};
		3F1CAB322B0CB33600D49ADE /* Release */ = {
			isa = XCBuildConfiguration;
			buildSettings = {
				ALWAYS_SEARCH_USER_PATHS = NO;
				ASSETCATALOG_COMPILER_GENERATE_SWIFT_ASSET_SYMBOL_EXTENSIONS = YES;
				CLANG_ANALYZER_NONNULL = YES;
				CLANG_ANALYZER_NUMBER_OBJECT_CONVERSION = YES_AGGRESSIVE;
				CLANG_CXX_LANGUAGE_STANDARD = "gnu++20";
				CLANG_ENABLE_MODULES = YES;
				CLANG_ENABLE_OBJC_ARC = YES;
				CLANG_ENABLE_OBJC_WEAK = YES;
				CLANG_WARN_BLOCK_CAPTURE_AUTORELEASING = YES;
				CLANG_WARN_BOOL_CONVERSION = YES;
				CLANG_WARN_COMMA = YES;
				CLANG_WARN_CONSTANT_CONVERSION = YES;
				CLANG_WARN_DEPRECATED_OBJC_IMPLEMENTATIONS = YES;
				CLANG_WARN_DIRECT_OBJC_ISA_USAGE = YES_ERROR;
				CLANG_WARN_DOCUMENTATION_COMMENTS = YES;
				CLANG_WARN_EMPTY_BODY = YES;
				CLANG_WARN_ENUM_CONVERSION = YES;
				CLANG_WARN_INFINITE_RECURSION = YES;
				CLANG_WARN_INT_CONVERSION = YES;
				CLANG_WARN_NON_LITERAL_NULL_CONVERSION = YES;
				CLANG_WARN_OBJC_IMPLICIT_RETAIN_SELF = YES;
				CLANG_WARN_OBJC_LITERAL_CONVERSION = YES;
				CLANG_WARN_OBJC_ROOT_CLASS = YES_ERROR;
				CLANG_WARN_QUOTED_INCLUDE_IN_FRAMEWORK_HEADER = YES;
				CLANG_WARN_RANGE_LOOP_ANALYSIS = YES;
				CLANG_WARN_STRICT_PROTOTYPES = YES;
				CLANG_WARN_SUSPICIOUS_MOVE = YES;
				CLANG_WARN_UNGUARDED_AVAILABILITY = YES_AGGRESSIVE;
				CLANG_WARN_UNREACHABLE_CODE = YES;
				CLANG_WARN__DUPLICATE_METHOD_MATCH = YES;
				COPY_PHASE_STRIP = NO;
				DEBUG_INFORMATION_FORMAT = "dwarf-with-dsym";
				ENABLE_NS_ASSERTIONS = NO;
				ENABLE_STRICT_OBJC_MSGSEND = YES;
				ENABLE_USER_SCRIPT_SANDBOXING = YES;
				GCC_C_LANGUAGE_STANDARD = gnu17;
				GCC_NO_COMMON_BLOCKS = YES;
				GCC_WARN_64_TO_32_BIT_CONVERSION = YES;
				GCC_WARN_ABOUT_RETURN_TYPE = YES_ERROR;
				GCC_WARN_UNDECLARED_SELECTOR = YES;
				GCC_WARN_UNINITIALIZED_AUTOS = YES_AGGRESSIVE;
				GCC_WARN_UNUSED_FUNCTION = YES;
				GCC_WARN_UNUSED_VARIABLE = YES;
				IPHONEOS_DEPLOYMENT_TARGET = 17.0;
				LOCALIZATION_PREFERS_STRING_CATALOGS = YES;
				MTL_ENABLE_DEBUG_INFO = NO;
				MTL_FAST_MATH = YES;
				SDKROOT = iphoneos;
				SWIFT_COMPILATION_MODE = wholemodule;
				VALIDATE_PRODUCT = YES;
			};
			name = Release;
		};
		3F1CAB342B0CB33600D49ADE /* Debug */ = {
			isa = XCBuildConfiguration;
			buildSettings = {
				ASSETCATALOG_COMPILER_APPICON_NAME = AppIcon;
				ASSETCATALOG_COMPILER_GLOBAL_ACCENT_COLOR_NAME = AccentColor;
				CODE_SIGN_STYLE = Automatic;
				CURRENT_PROJECT_VERSION = 1;
				DEVELOPMENT_ASSET_PATHS = "\"DragToSpeak/Preview Content\"";
				DEVELOPMENT_TEAM = K45HHA96ND;
				ENABLE_PREVIEWS = YES;
				GENERATE_INFOPLIST_FILE = YES;
				INFOPLIST_FILE = DragToSpeak/Info.plist;
				INFOPLIST_KEY_UIApplicationSceneManifest_Generation = YES;
				INFOPLIST_KEY_UIApplicationSupportsIndirectInputEvents = YES;
				INFOPLIST_KEY_UILaunchScreen_Generation = YES;
				INFOPLIST_KEY_UISupportedInterfaceOrientations_iPad = "UIInterfaceOrientationPortrait UIInterfaceOrientationPortraitUpsideDown UIInterfaceOrientationLandscapeLeft UIInterfaceOrientationLandscapeRight";
				INFOPLIST_KEY_UISupportedInterfaceOrientations_iPhone = "UIInterfaceOrientationPortrait UIInterfaceOrientationLandscapeLeft UIInterfaceOrientationLandscapeRight";
				LD_RUNPATH_SEARCH_PATHS = (
					"$(inherited)",
					"@executable_path/Frameworks",
				);
				MARKETING_VERSION = 1.0.3;
				PRODUCT_BUNDLE_IDENTIFIER = acecentre.org.uk.DragToSpeak;
				PRODUCT_NAME = "$(TARGET_NAME)";
				SWIFT_EMIT_LOC_STRINGS = YES;
				SWIFT_VERSION = 5.0;
				TARGETED_DEVICE_FAMILY = "1,2";
			};
			name = Debug;
		};
		3F1CAB352B0CB33600D49ADE /* Release */ = {
			isa = XCBuildConfiguration;
			buildSettings = {
				ASSETCATALOG_COMPILER_APPICON_NAME = AppIcon;
				ASSETCATALOG_COMPILER_GLOBAL_ACCENT_COLOR_NAME = AccentColor;
				CODE_SIGN_STYLE = Automatic;
				CURRENT_PROJECT_VERSION = 1;
				DEVELOPMENT_ASSET_PATHS = "\"DragToSpeak/Preview Content\"";
				DEVELOPMENT_TEAM = K45HHA96ND;
				ENABLE_PREVIEWS = YES;
				GENERATE_INFOPLIST_FILE = YES;
				INFOPLIST_FILE = DragToSpeak/Info.plist;
				INFOPLIST_KEY_UIApplicationSceneManifest_Generation = YES;
				INFOPLIST_KEY_UIApplicationSupportsIndirectInputEvents = YES;
				INFOPLIST_KEY_UILaunchScreen_Generation = YES;
				INFOPLIST_KEY_UISupportedInterfaceOrientations_iPad = "UIInterfaceOrientationPortrait UIInterfaceOrientationPortraitUpsideDown UIInterfaceOrientationLandscapeLeft UIInterfaceOrientationLandscapeRight";
				INFOPLIST_KEY_UISupportedInterfaceOrientations_iPhone = "UIInterfaceOrientationPortrait UIInterfaceOrientationLandscapeLeft UIInterfaceOrientationLandscapeRight";
				LD_RUNPATH_SEARCH_PATHS = (
					"$(inherited)",
					"@executable_path/Frameworks",
				);
				MARKETING_VERSION = 1.0.3;
				PRODUCT_BUNDLE_IDENTIFIER = acecentre.org.uk.DragToSpeak;
				PRODUCT_NAME = "$(TARGET_NAME)";
				SWIFT_EMIT_LOC_STRINGS = YES;
				SWIFT_VERSION = 5.0;
				TARGETED_DEVICE_FAMILY = "1,2";
			};
			name = Release;
		};
		3F1CAB372B0CB33600D49ADE /* Debug */ = {
			isa = XCBuildConfiguration;
			buildSettings = {
				ALWAYS_EMBED_SWIFT_STANDARD_LIBRARIES = YES;
				BUNDLE_LOADER = "$(TEST_HOST)";
				CODE_SIGN_STYLE = Automatic;
				CURRENT_PROJECT_VERSION = 1;
				DEVELOPMENT_TEAM = K45HHA96ND;
				GENERATE_INFOPLIST_FILE = YES;
				IPHONEOS_DEPLOYMENT_TARGET = 17.0;
				MARKETING_VERSION = 1.0;
				PRODUCT_BUNDLE_IDENTIFIER = acecentre.org.uk.DragToSpeakTests;
				PRODUCT_NAME = "$(TARGET_NAME)";
				SWIFT_EMIT_LOC_STRINGS = NO;
				SWIFT_VERSION = 5.0;
				TARGETED_DEVICE_FAMILY = "1,2";
				TEST_HOST = "$(BUILT_PRODUCTS_DIR)/DragToSpeak.app/$(BUNDLE_EXECUTABLE_FOLDER_PATH)/DragToSpeak";
			};
			name = Debug;
		};
		3F1CAB382B0CB33600D49ADE /* Release */ = {
			isa = XCBuildConfiguration;
			buildSettings = {
				ALWAYS_EMBED_SWIFT_STANDARD_LIBRARIES = YES;
				BUNDLE_LOADER = "$(TEST_HOST)";
				CODE_SIGN_STYLE = Automatic;
				CURRENT_PROJECT_VERSION = 1;
				DEVELOPMENT_TEAM = K45HHA96ND;
				GENERATE_INFOPLIST_FILE = YES;
				IPHONEOS_DEPLOYMENT_TARGET = 17.0;
				MARKETING_VERSION = 1.0;
				PRODUCT_BUNDLE_IDENTIFIER = acecentre.org.uk.DragToSpeakTests;
				PRODUCT_NAME = "$(TARGET_NAME)";
				SWIFT_EMIT_LOC_STRINGS = NO;
				SWIFT_VERSION = 5.0;
				TARGETED_DEVICE_FAMILY = "1,2";
				TEST_HOST = "$(BUILT_PRODUCTS_DIR)/DragToSpeak.app/$(BUNDLE_EXECUTABLE_FOLDER_PATH)/DragToSpeak";
			};
			name = Release;
		};
		3F1CAB3A2B0CB33600D49ADE /* Debug */ = {
			isa = XCBuildConfiguration;
			buildSettings = {
				ALWAYS_EMBED_SWIFT_STANDARD_LIBRARIES = YES;
				CODE_SIGN_STYLE = Automatic;
				CURRENT_PROJECT_VERSION = 1;
				DEVELOPMENT_TEAM = K45HHA96ND;
				GENERATE_INFOPLIST_FILE = YES;
				MARKETING_VERSION = 1.0;
				PRODUCT_BUNDLE_IDENTIFIER = acecentre.org.uk.DragToSpeakUITests;
				PRODUCT_NAME = "$(TARGET_NAME)";
				SWIFT_EMIT_LOC_STRINGS = NO;
				SWIFT_VERSION = 5.0;
				TARGETED_DEVICE_FAMILY = "1,2";
				TEST_TARGET_NAME = DragToSpeak;
			};
			name = Debug;
		};
		3F1CAB3B2B0CB33600D49ADE /* Release */ = {
			isa = XCBuildConfiguration;
			buildSettings = {
				ALWAYS_EMBED_SWIFT_STANDARD_LIBRARIES = YES;
				CODE_SIGN_STYLE = Automatic;
				CURRENT_PROJECT_VERSION = 1;
				DEVELOPMENT_TEAM = K45HHA96ND;
				GENERATE_INFOPLIST_FILE = YES;
				MARKETING_VERSION = 1.0;
				PRODUCT_BUNDLE_IDENTIFIER = acecentre.org.uk.DragToSpeakUITests;
				PRODUCT_NAME = "$(TARGET_NAME)";
				SWIFT_EMIT_LOC_STRINGS = NO;
				SWIFT_VERSION = 5.0;
				TARGETED_DEVICE_FAMILY = "1,2";
				TEST_TARGET_NAME = DragToSpeak;
			};
			name = Release;
		};
/* End XCBuildConfiguration section */

/* Begin XCConfigurationList section */
		3F1CAB0A2B0CB33000D49ADE /* Build configuration list for PBXProject "DragToSpeak" */ = {
			isa = XCConfigurationList;
			buildConfigurations = (
				3F1CAB312B0CB33600D49ADE /* Debug */,
				3F1CAB322B0CB33600D49ADE /* Release */,
			);
			defaultConfigurationIsVisible = 0;
			defaultConfigurationName = Release;
		};
		3F1CAB332B0CB33600D49ADE /* Build configuration list for PBXNativeTarget "DragToSpeak" */ = {
			isa = XCConfigurationList;
			buildConfigurations = (
				3F1CAB342B0CB33600D49ADE /* Debug */,
				3F1CAB352B0CB33600D49ADE /* Release */,
			);
			defaultConfigurationIsVisible = 0;
			defaultConfigurationName = Release;
		};
		3F1CAB362B0CB33600D49ADE /* Build configuration list for PBXNativeTarget "DragToSpeakTests" */ = {
			isa = XCConfigurationList;
			buildConfigurations = (
				3F1CAB372B0CB33600D49ADE /* Debug */,
				3F1CAB382B0CB33600D49ADE /* Release */,
			);
			defaultConfigurationIsVisible = 0;
			defaultConfigurationName = Release;
		};
		3F1CAB392B0CB33600D49ADE /* Build configuration list for PBXNativeTarget "DragToSpeakUITests" */ = {
			isa = XCConfigurationList;
			buildConfigurations = (
				3F1CAB3A2B0CB33600D49ADE /* Debug */,
				3F1CAB3B2B0CB33600D49ADE /* Release */,
			);
			defaultConfigurationIsVisible = 0;
			defaultConfigurationName = Release;
		};
/* End XCConfigurationList section */
	};
	rootObject = 3F1CAB072B0CB32F00D49ADE /* Project object */;
}
